
Microsoft Visual Studio Solution File, Format Version 12.00
# Visual Studio Version 17
VisualStudioVersion = 17.12.35527.113
MinimumVisualStudioVersion = 10.0.40219.1
Project("{FAE04EC0-301F-11D3-BF4B-00C04F79EFBC}") = "MathAlgorithm", "src\CSharp\MathAlgorithm\MathAlgorithm.csproj", "{F7D64D95-66C4-4322-AFC0-AA30505ACB43}"
EndProject
Project("{FAE04EC0-301F-11D3-BF4B-00C04F79EFBC}") = "MathRunner", "src\CSharp\MathRunner\MathRunner.csproj", "{EFC1E660-9F8C-45BC-89A3-F9DDF1EF60A4}"
EndProject
Project("{2150E333-8FDC-42A3-9474-1A3956D46DE8}") = "props", "props", "{4893D42D-E0F6-4E60-BA50-B555DDFE9CC7}"
	ProjectSection(SolutionItems) = preProject
		Directory.Packages.props = Directory.Packages.props
	EndProjectSection
EndProject
Global
	GlobalSection(SolutionConfigurationPlatforms) = preSolution
		Debug|Any CPU = Debug|Any CPU
		Release|Any CPU = Release|Any CPU
	EndGlobalSection
	GlobalSection(ProjectConfigurationPlatforms) = postSolution
		{F7D64D95-66C4-4322-AFC0-AA30505ACB43}.Debug|Any CPU.ActiveCfg = Debug|Any CPU
		{F7D64D95-66C4-4322-AFC0-AA30505ACB43}.Debug|Any CPU.Build.0 = Debug|Any CPU
		{F7D64D95-66C4-4322-AFC0-AA30505ACB43}.Release|Any CPU.ActiveCfg = Release|Any CPU
		{F7D64D95-66C4-4322-AFC0-AA30505ACB43}.Release|Any CPU.Build.0 = Release|Any CPU
		{EFC1E660-9F8C-45BC-89A3-F9DDF1EF60A4}.Debug|Any CPU.ActiveCfg = Debug|Any CPU
		{EFC1E660-9F8C-45BC-89A3-F9DDF1EF60A4}.Debug|Any CPU.Build.0 = Debug|Any CPU
		{EFC1E660-9F8C-45BC-89A3-F9DDF1EF60A4}.Release|Any CPU.ActiveCfg = Release|Any CPU
		{EFC1E660-9F8C-45BC-89A3-F9DDF1EF60A4}.Release|Any CPU.Build.0 = Release|Any CPU
	EndGlobalSection
	GlobalSection(SolutionProperties) = preSolution
		HideSolutionNode = FALSE
	EndGlobalSection
	GlobalSection(ExtensibilityGlobals) = postSolution
		SolutionGuid = {2588B096-06BB-4C40-9FEB-9392D66EE3FA}
	EndGlobalSection
EndGlobal
